
Microsoft Visual Studio Solution File, Format Version 12.00
# Visual Studio Version 17
VisualStudioVersion = 17.11.35312.102
MinimumVisualStudioVersion = 10.0.40219.1
Project("{9A19103F-16F7-4668-BE54-9A1E7A4F7556}") = "OrganizationArchitecture", "OrganizationArchtechUsingDataBase\OrganizationArchitecture.csproj", "{1AE7E40D-E9A2-4150-87E0-44AC5A00459D}"
EndProject
Global
	GlobalSection(SolutionConfigurationPlatforms) = preSolution
		Debug|Any CPU = Debug|Any CPU
		Release|Any CPU = Release|Any CPU
	EndGlobalSection
	GlobalSection(ProjectConfigurationPlatforms) = postSolution
		{1AE7E40D-E9A2-4150-87E0-44AC5A00459D}.Debug|Any CPU.ActiveCfg = Debug|Any CPU
		{1AE7E40D-E9A2-4150-87E0-44AC5A00459D}.Debug|Any CPU.Build.0 = Debug|Any CPU
		{1AE7E40D-E9A2-4150-87E0-44AC5A00459D}.Release|Any CPU.ActiveCfg = Release|Any CPU
		{1AE7E40D-E9A2-4150-87E0-44AC5A00459D}.Release|Any CPU.Build.0 = Release|Any CPU
	EndGlobalSection
	GlobalSection(SolutionProperties) = preSolution
		HideSolutionNode = FALSE
	EndGlobalSection
	GlobalSection(ExtensibilityGlobals) = postSolution
		SolutionGuid = {B0385457-7EC1-4075-B9D5-E94B0C51815D}
	EndGlobalSection
EndGlobal
